github.com/dgrijalva/jwt-go v3.2.0+incompatible h1:7qlOGliEKZXTDg6OTjfoBKDXWrumCAMpl/TFQ4/5kLM=
github.com/dgrijalva/jwt-go v3.2.0+incompatible/go.mod h1:E3ru+11k8xSBh+hMPgOLZmtrrCbhqsmaPHjLKYnJCaQ=
github.com/golang/protobuf v0.0.0-20170712042213-0a4f71a498b7 h1:ulJ2cj/xlDlrwLCvWH4UeV9vJ/jXP6wEGgTSF7EOnmQ=
github.com/golang/protobuf v0.0.0-20170712042213-0a4f71a498b7/go.mod h1:6lQm79b+lXiMfvg/cZm0SGofjICqVBUtrP5yJMmIC1U=
github.com/lpar/blammo v1.0.3 h1:XNFEnKNyz+Hke+R5L1b7d85E0o7CIDJs1oztQGviUzo=
github.com/lpar/blammo v1.0.3/go.mod h1:WT7AEsiWNZ+5d4b9r9v73bwYQAq9bgR4we3Ba6tF6W8=
golang.org/x/crypto v0.0.0-20190128193316-c7b33c32a30b h1:Ib/yptP38nXZFMwqWSip+OKuMP9OkyDe3p+DssP8n9w=
golang.org/x/crypto v0.0.0-20190128193316-c7b33c32a30b/go.mod h1:6SG95UA2DQfeDnfUPMdvaQW0Q7yPrPDi9nlGo2tz2b4=
golang.org/x/net v0.0.0-20170721033204-ab5485076ff3 h1:ech7AnQSc0Co690VXugI2YBicKHJwkjZJKaa76BGG84=
golang.org/x/net v0.0.0-20170721033204-ab5485076ff3/go.mod h1:mL1N/T3taQHkDXs73rZJwtUhF3w3ftmwwsq0BUmARs4=
golang.org/x/oauth2 v0.0.0-20170719200132-b53b38ad8a64 h1:p7pj3qUfxMTmlAArZeXjy5KzTkAWoorsgN1nUs5+dk0=
golang.org/x/oauth2 v0.0.0-20170719200132-b53b38ad8a64/go.mod h1:N/0e6XlmueqKjAGxoOufVs8QHGRruUQn6yWY3a++T0U=
golang.org/x/sync v0.0.0-20181221193216-37e7f081c4d4 h1:YUO/7uOKsKeq9UokNS62b8FYywz3ker1l1vDZRCRefw=
golang.org/x/sync v0.0.0-20181221193216-37e7f081c4d4/go.mod h1:RxMgew5VJxzue5/jJTE5uejpjVlOe/izrB70Jof72aM=
golang.org/x/sys v0.0.0-20190124100055-b90733256f2e h1:3GIlrlVLfkoipSReOMNAgApI0ajnalyLa/EZHHca/XI=
golang.org/x/sys v0.0.0-20190124100055-b90733256f2e/go.mod h1:STP8DvDyc/dI5b8T5hshtkjS+E42TnysNCUPdjciGhY=
google.golang.org/appengine v1.0.0 h1:dN4LljjBKVChsv0XCSI+zbyzdqrkEwX5LQFUMRSGqOc=
google.golang.org/appengine v1.0.0/go.mod h1:EbEs0AVv82hx2wNQdGPgUI5lhzA/G0D9YwlJXL52JkM=
